
Microsoft Visual Studio Solution File, Format Version 12.00
# Visual Studio Version 17
VisualStudioVersion = 17.8.34525.116
MinimumVisualStudioVersion = 10.0.40219.1
Project("{FAE04EC0-301F-11D3-BF4B-00C04F79EFBC}") = "tree", "tree\tree.csproj", "{D9FE77D7-DB24-4681-A772-10EB9A694FB8}"
EndProject
Global
	GlobalSection(SolutionConfigurationPlatforms) = preSolution
		Debug|Any CPU = Debug|Any CPU
		Release|Any CPU = Release|Any CPU
	EndGlobalSection
	GlobalSection(ProjectConfigurationPlatforms) = postSolution
		{D9FE77D7-DB24-4681-A772-10EB9A694FB8}.Debug|Any CPU.ActiveCfg = Debug|Any CPU
		{D9FE77D7-DB24-4681-A772-10EB9A694FB8}.Debug|Any CPU.Build.0 = Debug|Any CPU
		{D9FE77D7-DB24-4681-A772-10EB9A694FB8}.Release|Any CPU.ActiveCfg = Release|Any CPU
		{D9FE77D7-DB24-4681-A772-10EB9A694FB8}.Release|Any CPU.Build.0 = Release|Any CPU
	EndGlobalSection
	GlobalSection(SolutionProperties) = preSolution
		HideSolutionNode = FALSE
	EndGlobalSection
	GlobalSection(ExtensibilityGlobals) = postSolution
		SolutionGuid = {9600576F-FFCE-400C-B70E-B5AABB953CFA}
	EndGlobalSection
EndGlobal
